
Microsoft Visual Studio Solution File, Format Version 12.00
# Visual Studio Version 16
VisualStudioVersion = 16.0.31727.386
MinimumVisualStudioVersion = 10.0.40219.1
Project("{FAE04EC0-301F-11D3-BF4B-00C04F79EFBC}") = "SiparisOtomasyon.BL", "SiparisOtomasyon.BL\SiparisOtomasyon.BL.csproj", "{8ECFDA07-FE24-448B-BF2F-C04ADED383E4}"
EndProject
Project("{FAE04EC0-301F-11D3-BF4B-00C04F79EFBC}") = "SiparisOtomasyon.DAL", "SiparisOtomasyon.DAL\SiparisOtomasyon.DAL.csproj", "{46881A76-5C37-4CEE-B3E8-5474C4EB4720}"
EndProject
Project("{FAE04EC0-301F-11D3-BF4B-00C04F79EFBC}") = "SiparisOtomasyon.Core", "SiparisOtomasyon.Core\SiparisOtomasyon.Core.csproj", "{64CB0E3F-C496-4C05-9817-29D085F312B7}"
EndProject
Project("{FAE04EC0-301F-11D3-BF4B-00C04F79EFBC}") = "SiparisOtomasyon.WinUI", "SiparisOtomasyon.WinUI\SiparisOtomasyon.WinUI.csproj", "{EBBA6492-8AA5-4CB9-BA62-35AC3C858480}"
EndProject
Global
	GlobalSection(SolutionConfigurationPlatforms) = preSolution
		Debug|Any CPU = Debug|Any CPU
		Release|Any CPU = Release|Any CPU
	EndGlobalSection
	GlobalSection(ProjectConfigurationPlatforms) = postSolution
		{8ECFDA07-FE24-448B-BF2F-C04ADED383E4}.Debug|Any CPU.ActiveCfg = Debug|Any CPU
		{8ECFDA07-FE24-448B-BF2F-C04ADED383E4}.Debug|Any CPU.Build.0 = Debug|Any CPU
		{8ECFDA07-FE24-448B-BF2F-C04ADED383E4}.Release|Any CPU.ActiveCfg = Release|Any CPU
		{8ECFDA07-FE24-448B-BF2F-C04ADED383E4}.Release|Any CPU.Build.0 = Release|Any CPU
		{46881A76-5C37-4CEE-B3E8-5474C4EB4720}.Debug|Any CPU.ActiveCfg = Debug|Any CPU
		{46881A76-5C37-4CEE-B3E8-5474C4EB4720}.Debug|Any CPU.Build.0 = Debug|Any CPU
		{46881A76-5C37-4CEE-B3E8-5474C4EB4720}.Release|Any CPU.ActiveCfg = Release|Any CPU
		{46881A76-5C37-4CEE-B3E8-5474C4EB4720}.Release|Any CPU.Build.0 = Release|Any CPU
		{64CB0E3F-C496-4C05-9817-29D085F312B7}.Debug|Any CPU.ActiveCfg = Debug|Any CPU
		{64CB0E3F-C496-4C05-9817-29D085F312B7}.Debug|Any CPU.Build.0 = Debug|Any CPU
		{64CB0E3F-C496-4C05-9817-29D085F312B7}.Release|Any CPU.ActiveCfg = Release|Any CPU
		{64CB0E3F-C496-4C05-9817-29D085F312B7}.Release|Any CPU.Build.0 = Release|Any CPU
		{EBBA6492-8AA5-4CB9-BA62-35AC3C858480}.Debug|Any CPU.ActiveCfg = Debug|Any CPU
		{EBBA6492-8AA5-4CB9-BA62-35AC3C858480}.Debug|Any CPU.Build.0 = Debug|Any CPU
		{EBBA6492-8AA5-4CB9-BA62-35AC3C858480}.Release|Any CPU.ActiveCfg = Release|Any CPU
		{EBBA6492-8AA5-4CB9-BA62-35AC3C858480}.Release|Any CPU.Build.0 = Release|Any CPU
	EndGlobalSection
	GlobalSection(SolutionProperties) = preSolution
		HideSolutionNode = FALSE
	EndGlobalSection
	GlobalSection(ExtensibilityGlobals) = postSolution
		SolutionGuid = {EF9FEDB6-80B8-4E85-B057-D38A1F67D2C2}
	EndGlobalSection
EndGlobal
